
Microsoft Visual Studio Solution File, Format Version 12.00
# Visual Studio Version 16
VisualStudioVersion = 16.0.30611.23
MinimumVisualStudioVersion = 10.0.40219.1
Project("{FAE04EC0-301F-11D3-BF4B-00C04F79EFBC}") = "Cw1", "Cw1\Cw1.csproj", "{B6A0C9C1-89C1-4E6D-B158-2323516DCE6F}"
EndProject
Global
	GlobalSection(SolutionConfigurationPlatforms) = preSolution
		Debug|Any CPU = Debug|Any CPU
		Release|Any CPU = Release|Any CPU
	EndGlobalSection
	GlobalSection(ProjectConfigurationPlatforms) = postSolution
		{B6A0C9C1-89C1-4E6D-B158-2323516DCE6F}.Debug|Any CPU.ActiveCfg = Debug|Any CPU
		{B6A0C9C1-89C1-4E6D-B158-2323516DCE6F}.Debug|Any CPU.Build.0 = Debug|Any CPU
		{B6A0C9C1-89C1-4E6D-B158-2323516DCE6F}.Release|Any CPU.ActiveCfg = Release|Any CPU
		{B6A0C9C1-89C1-4E6D-B158-2323516DCE6F}.Release|Any CPU.Build.0 = Release|Any CPU
	EndGlobalSection
	GlobalSection(SolutionProperties) = preSolution
		HideSolutionNode = FALSE
	EndGlobalSection
	GlobalSection(ExtensibilityGlobals) = postSolution
		SolutionGuid = {6DFB5B5C-163F-4C93-9666-C3C6C69589B0}
	EndGlobalSection
EndGlobal
